PODS:
  - Alamofire (5.4.1)
  - MBProgressHUD (1.2.0)
  - Moya (14.0.0):
    - Moya/Core (= 14.0.0)
  - Moya/Core (14.0.0):
    - Alamofire (~> 5.0)
  - SDWebImage (5.10.4):
    - SDWebImage/Core (= 5.10.4)
  - SDWebImage/Core (5.10.4)

DEPENDENCIES:
  - MBProgressHUD (~> 1.2.0)
  - Moya (~> 14.0)
  - SDWebImage

SPEC REPOS:
  trunk:
    - Alamofire
    - MBProgressHUD
    - Moya
    - SDWebImage

SPEC CHECKSUMS:
  Alamofire: 2291f7d21ca607c491dd17642e5d40fdcda0e65c
  MBProgressHUD: 3ee5efcc380f6a79a7cc9b363dd669c5e1ae7406
  Moya: 5b45dacb75adb009f97fde91c204c1e565d31916
  SDWebImage: c666b97e1fa9c64b4909816a903322018f0a9c84

PODFILE CHECKSUM: 14ddb95774c3d73d005757b986dc30ace88d5365

COCOAPODS: 1.10.1
